
Microsoft Visual Studio Solution File, Format Version 12.00
# Visual Studio Version 16
VisualStudioVersion = 16.0.30523.141
MinimumVisualStudioVersion = 10.0.40219.1
Project("{8BC9CEB8-8B4A-11D0-8D11-00A0C91BC942}") = "[1]", "[1]\[1].vcxproj", "{F47A4FBD-8CE1-4CEA-B588-CFED44E9061A}"
EndProject
Project("{8BC9CEB8-8B4A-11D0-8D11-00A0C91BC942}") = "[2]", "[2]\[2].vcxproj", "{8AE73480-8001-41EF-8001-1EAB57DD4139}"
EndProject
Project("{8BC9CEB8-8B4A-11D0-8D11-00A0C91BC942}") = "[3]", "[3]\[3].vcxproj", "{3F48B032-C914-4847-8463-B0122291271B}"
EndProject
Project("{8BC9CEB8-8B4A-11D0-8D11-00A0C91BC942}") = "[4]", "[4]\[4].vcxproj", "{622CA4B6-8983-49D0-9F5F-D7BEB802C69C}"
EndProject
Project("{8BC9CEB8-8B4A-11D0-8D11-00A0C91BC942}") = "[5]", "[5]\[5].vcxproj", "{FA543EA2-34B1-44C3-BFA8-997BF802D501}"
EndProject
Project("{8BC9CEB8-8B4A-11D0-8D11-00A0C91BC942}") = "[6]", "[6]\[6].vcxproj", "{D35E1567-DA0D-440C-8A01-E788F5DD1BE7}"
EndProject
Global
	GlobalSection(SolutionConfigurationPlatforms) = preSolution
		Debug|x64 = Debug|x64
		Debug|x86 = Debug|x86
		Release|x64 = Release|x64
		Release|x86 = Release|x86
	EndGlobalSection
	GlobalSection(ProjectConfigurationPlatforms) = postSolution
		{F47A4FBD-8CE1-4CEA-B588-CFED44E9061A}.Debug|x64.ActiveCfg = Debug|x64
		{F47A4FBD-8CE1-4CEA-B588-CFED44E9061A}.Debug|x64.Build.0 = Debug|x64
		{F47A4FBD-8CE1-4CEA-B588-CFED44E9061A}.Debug|x86.ActiveCfg = Debug|Win32
		{F47A4FBD-8CE1-4CEA-B588-CFED44E9061A}.Debug|x86.Build.0 = Debug|Win32
		{F47A4FBD-8CE1-4CEA-B588-CFED44E9061A}.Release|x64.ActiveCfg = Release|x64
		{F47A4FBD-8CE1-4CEA-B588-CFED44E9061A}.Release|x64.Build.0 = Release|x64
		{F47A4FBD-8CE1-4CEA-B588-CFED44E9061A}.Release|x86.ActiveCfg = Release|Win32
		{F47A4FBD-8CE1-4CEA-B588-CFED44E9061A}.Release|x86.Build.0 = Release|Win32
		{8AE73480-8001-41EF-8001-1EAB57DD4139}.Debug|x64.ActiveCfg = Debug|x64
		{8AE73480-8001-41EF-8001-1EAB57DD4139}.Debug|x64.Build.0 = Debug|x64
		{8AE73480-8001-41EF-8001-1EAB57DD4139}.Debug|x86.ActiveCfg = Debug|Win32
		{8AE73480-8001-41EF-8001-1EAB57DD4139}.Debug|x86.Build.0 = Debug|Win32
		{8AE73480-8001-41EF-8001-1EAB57DD4139}.Release|x64.ActiveCfg = Release|x64
		{8AE73480-8001-41EF-8001-1EAB57DD4139}.Release|x64.Build.0 = Release|x64
		{8AE73480-8001-41EF-8001-1EAB57DD4139}.Release|x86.ActiveCfg = Release|Win32
		{8AE73480-8001-41EF-8001-1EAB57DD4139}.Release|x86.Build.0 = Release|Win32
		{3F48B032-C914-4847-8463-B0122291271B}.Debug|x64.ActiveCfg = Debug|x64
		{3F48B032-C914-4847-8463-B0122291271B}.Debug|x64.Build.0 = Debug|x64
		{3F48B032-C914-4847-8463-B0122291271B}.Debug|x86.ActiveCfg = Debug|Win32
		{3F48B032-C914-4847-8463-B0122291271B}.Debug|x86.Build.0 = Debug|Win32
		{3F48B032-C914-4847-8463-B0122291271B}.Release|x64.ActiveCfg = Release|x64
		{3F48B032-C914-4847-8463-B0122291271B}.Release|x64.Build.0 = Release|x64
		{3F48B032-C914-4847-8463-B0122291271B}.Release|x86.ActiveCfg = Release|Win32
		{3F48B032-C914-4847-8463-B0122291271B}.Release|x86.Build.0 = Release|Win32
		{622CA4B6-8983-49D0-9F5F-D7BEB802C69C}.Debug|x64.ActiveCfg = Debug|x64
		{622CA4B6-8983-49D0-9F5F-D7BEB802C69C}.Debug|x64.Build.0 = Debug|x64
		{622CA4B6-8983-49D0-9F5F-D7BEB802C69C}.Debug|x86.ActiveCfg = Debug|Win32
		{622CA4B6-8983-49D0-9F5F-D7BEB802C69C}.Debug|x86.Build.0 = Debug|Win32
		{622CA4B6-8983-49D0-9F5F-D7BEB802C69C}.Release|x64.ActiveCfg = Release|x64
		{622CA4B6-8983-49D0-9F5F-D7BEB802C69C}.Release|x64.Build.0 = Release|x64
		{622CA4B6-8983-49D0-9F5F-D7BEB802C69C}.Release|x86.ActiveCfg = Release|Win32
		{622CA4B6-8983-49D0-9F5F-D7BEB802C69C}.Release|x86.Build.0 = Release|Win32
		{FA543EA2-34B1-44C3-BFA8-997BF802D501}.Debug|x64.ActiveCfg = Debug|x64
		{FA543EA2-34B1-44C3-BFA8-997BF802D501}.Debug|x64.Build.0 = Debug|x64
		{FA543EA2-34B1-44C3-BFA8-997BF802D501}.Debug|x86.ActiveCfg = Debug|Win32
		{FA543EA2-34B1-44C3-BFA8-997BF802D501}.Debug|x86.Build.0 = Debug|Win32
		{FA543EA2-34B1-44C3-BFA8-997BF802D501}.Release|x64.ActiveCfg = Release|x64
		{FA543EA2-34B1-44C3-BFA8-997BF802D501}.Release|x64.Build.0 = Release|x64
		{FA543EA2-34B1-44C3-BFA8-997BF802D501}.Release|x86.ActiveCfg = Release|Win32
		{FA543EA2-34B1-44C3-BFA8-997BF802D501}.Release|x86.Build.0 = Release|Win32
		{D35E1567-DA0D-440C-8A01-E788F5DD1BE7}.Debug|x64.ActiveCfg = Debug|x64
		{D35E1567-DA0D-440C-8A01-E788F5DD1BE7}.Debug|x64.Build.0 = Debug|x64
		{D35E1567-DA0D-440C-8A01-E788F5DD1BE7}.Debug|x86.ActiveCfg = Debug|Win32
		{D35E1567-DA0D-440C-8A01-E788F5DD1BE7}.Debug|x86.Build.0 = Debug|Win32
		{D35E1567-DA0D-440C-8A01-E788F5DD1BE7}.Release|x64.ActiveCfg = Release|x64
		{D35E1567-DA0D-440C-8A01-E788F5DD1BE7}.Release|x64.Build.0 = Release|x64
		{D35E1567-DA0D-440C-8A01-E788F5DD1BE7}.Release|x86.ActiveCfg = Release|Win32
		{D35E1567-DA0D-440C-8A01-E788F5DD1BE7}.Release|x86.Build.0 = Release|Win32
	EndGlobalSection
	GlobalSection(SolutionProperties) = preSolution
		HideSolutionNode = FALSE
	EndGlobalSection
	GlobalSection(ExtensibilityGlobals) = postSolution
		SolutionGuid = {6B44BD5E-9B22-4F55-8BEB-337AAA058DF4}
	EndGlobalSection
EndGlobal
