
Microsoft Visual Studio Solution File, Format Version 12.00
# Visual Studio Version 16
VisualStudioVersion = 16.0.30804.86
MinimumVisualStudioVersion = 10.0.40219.1
Project("{8BC9CEB8-8B4A-11D0-8D11-00A0C91BC942}") = "var.20", "var.20\var.20.vcxproj", "{F30D2963-B136-4FAC-B100-5505D5045934}"
EndProject
Global
	GlobalSection(SolutionConfigurationPlatforms) = preSolution
		Debug|x64 = Debug|x64
		Debug|x86 = Debug|x86
		Release|x64 = Release|x64
		Release|x86 = Release|x86
	EndGlobalSection
	GlobalSection(ProjectConfigurationPlatforms) = postSolution
		{F30D2963-B136-4FAC-B100-5505D5045934}.Debug|x64.ActiveCfg = Debug|x64
		{F30D2963-B136-4FAC-B100-5505D5045934}.Debug|x64.Build.0 = Debug|x64
		{F30D2963-B136-4FAC-B100-5505D5045934}.Debug|x86.ActiveCfg = Debug|Win32
		{F30D2963-B136-4FAC-B100-5505D5045934}.Debug|x86.Build.0 = Debug|Win32
		{F30D2963-B136-4FAC-B100-5505D5045934}.Release|x64.ActiveCfg = Release|x64
		{F30D2963-B136-4FAC-B100-5505D5045934}.Release|x64.Build.0 = Release|x64
		{F30D2963-B136-4FAC-B100-5505D5045934}.Release|x86.ActiveCfg = Release|Win32
		{F30D2963-B136-4FAC-B100-5505D5045934}.Release|x86.Build.0 = Release|Win32
	EndGlobalSection
	GlobalSection(SolutionProperties) = preSolution
		HideSolutionNode = FALSE
	EndGlobalSection
	GlobalSection(ExtensibilityGlobals) = postSolution
		SolutionGuid = {3BDD7595-202A-46CC-AFF2-C8B91F2ECA2C}
	EndGlobalSection
EndGlobal
